// !$*UTF8*$!
{
	archiveVersion = 1;
	classes = {
	};
	objectVersion = 56;
	objects = {

/* Begin PBXBuildFile section */
		EC90C1FD2BCCCCC7003EA917 /* AppDelegate.swift in Sources */ = {isa = PBXBuildFile; fileRef = EC90C1FC2BCCCCC7003EA917 /* AppDelegate.swift */; };
		EC90C1FF2BCCCCC7003EA917 /* SceneDelegate.swift in Sources */ = {isa = PBXBuildFile; fileRef = EC90C1FE2BCCCCC7003EA917 /* SceneDelegate.swift */; };
		EC90C2012BCCCCC7003EA917 /* ViewController.swift in Sources */ = {isa = PBXBuildFile; fileRef = EC90C2002BCCCCC7003EA917 /* ViewController.swift */; };
		EC90C2042BCCCCC7003EA917 /* Main.storyboard in Resources */ = {isa = PBXBuildFile; fileRef = EC90C2022BCCCCC7003EA917 /* Main.storyboard */; };
		EC90C2062BCCCCC9003EA917 /* Assets.xcassets in Resources */ = {isa = PBXBuildFile; fileRef = EC90C2052BCCCCC9003EA917 /* Assets.xcassets */; };
		EC90C2092BCCCCC9003EA917 /* LaunchScreen.storyboard in Resources */ = {isa = PBXBuildFile; fileRef = EC90C2072BCCCCC9003EA917 /* LaunchScreen.storyboard */; };
		EC90C2142BCCCD81003EA917 /* Metal.framework in Frameworks */ = {isa = PBXBuildFile; fileRef = EC90C2112BCCCD81003EA917 /* Metal.framework */; };
		EC90C2152BCCCD81003EA917 /* MetalKit.framework in Frameworks */ = {isa = PBXBuildFile; fileRef = EC90C2122BCCCD81003EA917 /* MetalKit.framework */; };
		EC90C2182BCCD3C9003EA917 /* Shader.metal in Sources */ = {isa = PBXBuildFile; fileRef = EC90C2172BCCD3C9003EA917 /* Shader.metal */; };
		EC90C21B2BCD810B003EA917 /* Renderer.swift in Sources */ = {isa = PBXBuildFile; fileRef = EC90C21A2BCD810B003EA917 /* Renderer.swift */; };
		EC90C21D2BCE6C06003EA917 /* Math.swift in Sources */ = {isa = PBXBuildFile; fileRef = EC90C21C2BCE6C06003EA917 /* Math.swift */; };
/* End PBXBuildFile section */

/* Begin PBXFileReference section */
		EC90C1F92BCCCCC7003EA917 /* LearningMetalSwift.app */ = {isa = PBXFileReference; explicitFileType = wrapper.application; includeInIndex = 0; path = LearningMetalSwift.app; sourceTree = BUILT_PRODUCTS_DIR; };
		EC90C1FC2BCCCCC7003EA917 /* AppDelegate.swift */ = {isa = PBXFileReference; lastKnownFileType = sourcecode.swift; path = AppDelegate.swift; sourceTree = "<group>"; };
		EC90C1FE2BCCCCC7003EA917 /* SceneDelegate.swift */ = {isa = PBXFileReference; lastKnownFileType = sourcecode.swift; path = SceneDelegate.swift; sourceTree = "<group>"; };
		EC90C2002BCCCCC7003EA917 /* ViewController.swift */ = {isa = PBXFileReference; lastKnownFileType = sourcecode.swift; path = ViewController.swift; sourceTree = "<group>"; };
		EC90C2032BCCCCC7003EA917 /* Base */ = {isa = PBXFileReference; lastKnownFileType = file.storyboard; name = Base; path = Base.lproj/Main.storyboard; sourceTree = "<group>"; };
		EC90C2052BCCCCC9003EA917 /* Assets.xcassets */ = {isa = PBXFileReference; lastKnownFileType = folder.assetcatalog; path = Assets.xcassets; sourceTree = "<group>"; };
		EC90C2082BCCCCC9003EA917 /* Base */ = {isa = PBXFileReference; lastKnownFileType = file.storyboard; name = Base; path = Base.lproj/LaunchScreen.storyboard; sourceTree = "<group>"; };
		EC90C20A2BCCCCC9003EA917 /* Info.plist */ = {isa = PBXFileReference; lastKnownFileType = text.plist.xml; path = Info.plist; sourceTree = "<group>"; };
		EC90C2112BCCCD81003EA917 /* Metal.framework */ = {isa = PBXFileReference; lastKnownFileType = wrapper.framework; name = Metal.framework; path = System/Library/Frameworks/Metal.framework; sourceTree = SDKROOT; };
		EC90C2122BCCCD81003EA917 /* MetalKit.framework */ = {isa = PBXFileReference; lastKnownFileType = wrapper.framework; name = MetalKit.framework; path = System/Library/Frameworks/MetalKit.framework; sourceTree = SDKROOT; };
		EC90C2132BCCCD81003EA917 /* MetalFX.framework */ = {isa = PBXFileReference; lastKnownFileType = wrapper.framework; name = MetalFX.framework; path = System/Library/Frameworks/MetalFX.framework; sourceTree = SDKROOT; };
		EC90C2172BCCD3C9003EA917 /* Shader.metal */ = {isa = PBXFileReference; lastKnownFileType = sourcecode.metal; path = Shader.metal; sourceTree = "<group>"; };
		EC90C21A2BCD810B003EA917 /* Renderer.swift */ = {isa = PBXFileReference; lastKnownFileType = sourcecode.swift; path = Renderer.swift; sourceTree = "<group>"; };
		EC90C21C2BCE6C06003EA917 /* Math.swift */ = {isa = PBXFileReference; lastKnownFileType = sourcecode.swift; path = Math.swift; sourceTree = "<group>"; };
/* End PBXFileReference section */

/* Begin PBXFrameworksBuildPhase section */
		EC90C1F62BCCCCC7003EA917 /* Frameworks */ = {
			isa = PBXFrameworksBuildPhase;
			buildActionMask = 2147483647;
			files = (
				EC90C2142BCCCD81003EA917 /* Metal.framework in Frameworks */,
				EC90C2152BCCCD81003EA917 /* MetalKit.framework in Frameworks */,
			);
			runOnlyForDeploymentPostprocessing = 0;
		};
/* End PBXFrameworksBuildPhase section */

/* Begin PBXGroup section */
		EC90C1F02BCCCCC7003EA917 = {
			isa = PBXGroup;
			children = (
				EC90C1FB2BCCCCC7003EA917 /* LearningMetalSwift */,
				EC90C1FA2BCCCCC7003EA917 /* Products */,
				EC90C2102BCCCD81003EA917 /* Frameworks */,
			);
			sourceTree = "<group>";
		};
		EC90C1FA2BCCCCC7003EA917 /* Products */ = {
			isa = PBXGroup;
			children = (
				EC90C1F92BCCCCC7003EA917 /* LearningMetalSwift.app */,
			);
			name = Products;
			sourceTree = "<group>";
		};
		EC90C1FB2BCCCCC7003EA917 /* LearningMetalSwift */ = {
			isa = PBXGroup;
			children = (
				EC90C2192BCCD65E003EA917 /* MetalLibs */,
				EC90C1FC2BCCCCC7003EA917 /* AppDelegate.swift */,
				EC90C21C2BCE6C06003EA917 /* Math.swift */,
				EC90C21A2BCD810B003EA917 /* Renderer.swift */,
				EC90C1FE2BCCCCC7003EA917 /* SceneDelegate.swift */,
				EC90C2002BCCCCC7003EA917 /* ViewController.swift */,
				EC90C2022BCCCCC7003EA917 /* Main.storyboard */,
				EC90C2052BCCCCC9003EA917 /* Assets.xcassets */,
				EC90C2072BCCCCC9003EA917 /* LaunchScreen.storyboard */,
				EC90C20A2BCCCCC9003EA917 /* Info.plist */,
			);
			path = LearningMetalSwift;
			sourceTree = "<group>";
		};
		EC90C2102BCCCD81003EA917 /* Frameworks */ = {
			isa = PBXGroup;
			children = (
				EC90C2112BCCCD81003EA917 /* Metal.framework */,
				EC90C2132BCCCD81003EA917 /* MetalFX.framework */,
				EC90C2122BCCCD81003EA917 /* MetalKit.framework */,
			);
			name = Frameworks;
			sourceTree = "<group>";
		};
		EC90C2192BCCD65E003EA917 /* MetalLibs */ = {
			isa = PBXGroup;
			children = (
				EC90C2172BCCD3C9003EA917 /* Shader.metal */,
			);
			path = MetalLibs;
			sourceTree = "<group>";
		};
/* End PBXGroup section */

/* Begin PBXNativeTarget section */
		EC90C1F82BCCCCC7003EA917 /* LearningMetalSwift */ = {
			isa = PBXNativeTarget;
			buildConfigurationList = EC90C20D2BCCCCC9003EA917 /* Build configuration list for PBXNativeTarget "LearningMetalSwift" */;
			buildPhases = (
				EC90C1F52BCCCCC7003EA917 /* Sources */,
				EC90C1F62BCCCCC7003EA917 /* Frameworks */,
				EC90C1F72BCCCCC7003EA917 /* Resources */,
			);
			buildRules = (
			);
			dependencies = (
			);
			name = LearningMetalSwift;
			productName = LearningMetalSwift;
			productReference = EC90C1F92BCCCCC7003EA917 /* LearningMetalSwift.app */;
			productType = "com.apple.product-type.application";
		};
/* End PBXNativeTarget section */

/* Begin PBXProject section */
		EC90C1F12BCCCCC7003EA917 /* Project object */ = {
			isa = PBXProject;
			attributes = {
				BuildIndependentTargetsInParallel = 1;
				LastSwiftUpdateCheck = 1510;
				LastUpgradeCheck = 1510;
				TargetAttributes = {
					EC90C1F82BCCCCC7003EA917 = {
						CreatedOnToolsVersion = 15.1;
					};
				};
			};
			buildConfigurationList = EC90C1F42BCCCCC7003EA917 /* Build configuration list for PBXProject "LearningMetalSwift" */;
			compatibilityVersion = "Xcode 14.0";
			developmentRegion = en;
			hasScannedForEncodings = 0;
			knownRegions = (
				en,
				Base,
			);
			mainGroup = EC90C1F02BCCCCC7003EA917;
			productRefGroup = EC90C1FA2BCCCCC7003EA917 /* Products */;
			projectDirPath = "";
			projectRoot = "";
			targets = (
				EC90C1F82BCCCCC7003EA917 /* LearningMetalSwift */,
			);
		};
/* End PBXProject section */

/* Begin PBXResourcesBuildPhase section */
		EC90C1F72BCCCCC7003EA917 /* Resources */ = {
			isa = PBXResourcesBuildPhase;
			buildActionMask = 2147483647;
			files = (
				EC90C2092BCCCCC9003EA917 /* LaunchScreen.storyboard in Resources */,
				EC90C2062BCCCCC9003EA917 /* Assets.xcassets in Resources */,
				EC90C2042BCCCCC7003EA917 /* Main.storyboard in Resources */,
			);
			runOnlyForDeploymentPostprocessing = 0;
		};
/* End PBXResourcesBuildPhase section */

/* Begin PBXSourcesBuildPhase section */
		EC90C1F52BCCCCC7003EA917 /* Sources */ = {
			isa = PBXSourcesBuildPhase;
			buildActionMask = 2147483647;
			files = (
				EC90C2182BCCD3C9003EA917 /* Shader.metal in Sources */,
				EC90C2012BCCCCC7003EA917 /* ViewController.swift in Sources */,
				EC90C1FD2BCCCCC7003EA917 /* AppDelegate.swift in Sources */,
				EC90C21B2BCD810B003EA917 /* Renderer.swift in Sources */,
				EC90C1FF2BCCCCC7003EA917 /* SceneDelegate.swift in Sources */,
				EC90C21D2BCE6C06003EA917 /* Math.swift in Sources */,
			);
			runOnlyForDeploymentPostprocessing = 0;
		};
/* End PBXSourcesBuildPhase section */

/* Begin PBXVariantGroup section */
		EC90C2022BCCCCC7003EA917 /* Main.storyboard */ = {
			isa = PBXVariantGroup;
			children = (
				EC90C2032BCCCCC7003EA917 /* Base */,
			);
			name = Main.storyboard;
			sourceTree = "<group>";
		};
		EC90C2072BCCCCC9003EA917 /* LaunchScreen.storyboard */ = {
			isa = PBXVariantGroup;
			children = (
				EC90C2082BCCCCC9003EA917 /* Base */,
			);
			name = LaunchScreen.storyboard;
			sourceTree = "<group>";
		};
/* End PBXVariantGroup section */

/* Begin XCBuildConfiguration section */
		EC90C20B2BCCCCC9003EA917 /* Debug */ = {
			isa = XCBuildConfiguration;
			buildSettings = {
				ALWAYS_SEARCH_USER_PATHS = NO;
				ASSETCATALOG_COMPILER_GENERATE_SWIFT_ASSET_SYMBOL_EXTENSIONS = YES;
				CLANG_ANALYZER_NONNULL = YES;
				CLANG_ANALYZER_NUMBER_OBJECT_CONVERSION = YES_AGGRESSIVE;
				CLANG_CXX_LANGUAGE_STANDARD = "gnu++20";
				CLANG_ENABLE_MODULES = YES;
				CLANG_ENABLE_OBJC_ARC = YES;
				CLANG_ENABLE_OBJC_WEAK = YES;
				CLANG_WARN_BLOCK_CAPTURE_AUTORELEASING = YES;
				CLANG_WARN_BOOL_CONVERSION = YES;
				CLANG_WARN_COMMA = YES;
				CLANG_WARN_CONSTANT_CONVERSION = YES;
				CLANG_WARN_DEPRECATED_OBJC_IMPLEMENTATIONS = YES;
				CLANG_WARN_DIRECT_OBJC_ISA_USAGE = YES_ERROR;
				CLANG_WARN_DOCUMENTATION_COMMENTS = YES;
				CLANG_WARN_EMPTY_BODY = YES;
				CLANG_WARN_ENUM_CONVERSION = YES;
				CLANG_WARN_INFINITE_RECURSION = YES;
				CLANG_WARN_INT_CONVERSION = YES;
				CLANG_WARN_NON_LITERAL_NULL_CONVERSION = YES;
				CLANG_WARN_OBJC_IMPLICIT_RETAIN_SELF = YES;
				CLANG_WARN_OBJC_LITERAL_CONVERSION = YES;
				CLANG_WARN_OBJC_ROOT_CLASS = YES_ERROR;
				CLANG_WARN_QUOTED_INCLUDE_IN_FRAMEWORK_HEADER = YES;
				CLANG_WARN_RANGE_LOOP_ANALYSIS = YES;
				CLANG_WARN_STRICT_PROTOTYPES = YES;
				CLANG_WARN_SUSPICIOUS_MOVE = YES;
				CLANG_WARN_UNGUARDED_AVAILABILITY = YES_AGGRESSIVE;
				CLANG_WARN_UNREACHABLE_CODE = YES;
				CLANG_WARN__DUPLICATE_METHOD_MATCH = YES;
				COPY_PHASE_STRIP = NO;
				DEBUG_INFORMATION_FORMAT = dwarf;
				ENABLE_STRICT_OBJC_MSGSEND = YES;
				ENABLE_TESTABILITY = YES;
				ENABLE_USER_SCRIPT_SANDBOXING = YES;
				GCC_C_LANGUAGE_STANDARD = gnu17;
				GCC_DYNAMIC_NO_PIC = NO;
				GCC_NO_COMMON_BLOCKS = YES;
				GCC_OPTIMIZATION_LEVEL = 0;
				GCC_PREPROCESSOR_DEFINITIONS = (
					"DEBUG=1",
					"$(inherited)",
				);
				GCC_WARN_64_TO_32_BIT_CONVERSION = YES;
				GCC_WARN_ABOUT_RETURN_TYPE = YES_ERROR;
				GCC_WARN_UNDECLARED_SELECTOR = YES;
				GCC_WARN_UNINITIALIZED_AUTOS = YES_AGGRESSIVE;
				GCC_WARN_UNUSED_FUNCTION = YES;
				GCC_WARN_UNUSED_VARIABLE = YES;
				IPHONEOS_DEPLOYMENT_TARGET = 17.2;
				LOCALIZATION_PREFERS_STRING_CATALOGS = YES;
				MTL_ENABLE_DEBUG_INFO = INCLUDE_SOURCE;
				MTL_FAST_MATH = YES;
				ONLY_ACTIVE_ARCH = YES;
				SDKROOT = iphoneos;
				SWIFT_ACTIVE_COMPILATION_CONDITIONS = "DEBUG $(inherited)";
				SWIFT_OPTIMIZATION_LEVEL = "-Onone";
			};
			name = Debug;
		};
		EC90C20C2BCCCCC9003EA917 /* Release */ = {
			isa = XCBuildConfiguration;
			buildSettings = {
				ALWAYS_SEARCH_USER_PATHS = NO;
				ASSETCATALOG_COMPILER_GENERATE_SWIFT_ASSET_SYMBOL_EXTENSIONS = YES;
				CLANG_ANALYZER_NONNULL = YES;
				CLANG_ANALYZER_NUMBER_OBJECT_CONVERSION = YES_AGGRESSIVE;
				CLANG_CXX_LANGUAGE_STANDARD = "gnu++20";
				CLANG_ENABLE_MODULES = YES;
				CLANG_ENABLE_OBJC_ARC = YES;
				CLANG_ENABLE_OBJC_WEAK = YES;
				CLANG_WARN_BLOCK_CAPTURE_AUTORELEASING = YES;
				CLANG_WARN_BOOL_CONVERSION = YES;
				CLANG_WARN_COMMA = YES;
				CLANG_WARN_CONSTANT_CONVERSION = YES;
				CLANG_WARN_DEPRECATED_OBJC_IMPLEMENTATIONS = YES;
				CLANG_WARN_DIRECT_OBJC_ISA_USAGE = YES_ERROR;
				CLANG_WARN_DOCUMENTATION_COMMENTS = YES;
				CLANG_WARN_EMPTY_BODY = YES;
				CLANG_WARN_ENUM_CONVERSION = YES;
				CLANG_WARN_INFINITE_RECURSION = YES;
				CLANG_WARN_INT_CONVERSION = YES;
				CLANG_WARN_NON_LITERAL_NULL_CONVERSION = YES;
				CLANG_WARN_OBJC_IMPLICIT_RETAIN_SELF = YES;
				CLANG_WARN_OBJC_LITERAL_CONVERSION = YES;
				CLANG_WARN_OBJC_ROOT_CLASS = YES_ERROR;
				CLANG_WARN_QUOTED_INCLUDE_IN_FRAMEWORK_HEADER = YES;
				CLANG_WARN_RANGE_LOOP_ANALYSIS = YES;
				CLANG_WARN_STRICT_PROTOTYPES = YES;
				CLANG_WARN_SUSPICIOUS_MOVE = YES;
				CLANG_WARN_UNGUARDED_AVAILABILITY = YES_AGGRESSIVE;
				CLANG_WARN_UNREACHABLE_CODE = YES;
				CLANG_WARN__DUPLICATE_METHOD_MATCH = YES;
				COPY_PHASE_STRIP = NO;
				DEBUG_INFORMATION_FORMAT = "dwarf-with-dsym";
				ENABLE_NS_ASSERTIONS = NO;
				ENABLE_STRICT_OBJC_MSGSEND = YES;
				ENABLE_USER_SCRIPT_SANDBOXING = YES;
				GCC_C_LANGUAGE_STANDARD = gnu17;
				GCC_NO_COMMON_BLOCKS = YES;
				GCC_WARN_64_TO_32_BIT_CONVERSION = YES;
				GCC_WARN_ABOUT_RETURN_TYPE = YES_ERROR;
				GCC_WARN_UNDECLARED_SELECTOR = YES;
				GCC_WARN_UNINITIALIZED_AUTOS = YES_AGGRESSIVE;
				GCC_WARN_UNUSED_FUNCTION = YES;
				GCC_WARN_UNUSED_VARIABLE = YES;
				IPHONEOS_DEPLOYMENT_TARGET = 17.2;
				LOCALIZATION_PREFERS_STRING_CATALOGS = YES;
				MTL_ENABLE_DEBUG_INFO = NO;
				MTL_FAST_MATH = YES;
				SDKROOT = iphoneos;
				SWIFT_COMPILATION_MODE = wholemodule;
				VALIDATE_PRODUCT = YES;
			};
			name = Release;
		};
		EC90C20E2BCCCCC9003EA917 /* Debug */ = {
			isa = XCBuildConfiguration;
			buildSettings = {
				ASSETCATALOG_COMPILER_APPICON_NAME = AppIcon;
				ASSETCATALOG_COMPILER_GLOBAL_ACCENT_COLOR_NAME = AccentColor;
				CODE_SIGN_STYLE = Automatic;
				CURRENT_PROJECT_VERSION = 1;
				DEVELOPMENT_TEAM = 786RCQ7DWX;
				GENERATE_INFOPLIST_FILE = YES;
				INFOPLIST_FILE = LearningMetalSwift/Info.plist;
				INFOPLIST_KEY_UIApplicationSupportsIndirectInputEvents = YES;
				INFOPLIST_KEY_UILaunchStoryboardName = LaunchScreen;
				INFOPLIST_KEY_UIMainStoryboardFile = Main;
				INFOPLIST_KEY_UISupportedInterfaceOrientations_iPad = "UIInterfaceOrientationPortrait UIInterfaceOrientationPortraitUpsideDown UIInterfaceOrientationLandscapeLeft UIInterfaceOrientationLandscapeRight";
				INFOPLIST_KEY_UISupportedInterfaceOrientations_iPhone = "UIInterfaceOrientationPortrait UIInterfaceOrientationLandscapeLeft UIInterfaceOrientationLandscapeRight";
				LD_RUNPATH_SEARCH_PATHS = (
					"$(inherited)",
					"@executable_path/Frameworks",
				);
				MARKETING_VERSION = 1.0;
				PRODUCT_BUNDLE_IDENTIFIER = wuchao.LearningMetalSwift;
				PRODUCT_NAME = "$(TARGET_NAME)";
				SWIFT_EMIT_LOC_STRINGS = YES;
				SWIFT_VERSION = 5.0;
				TARGETED_DEVICE_FAMILY = "1,2";
			};
			name = Debug;
		};
		EC90C20F2BCCCCC9003EA917 /* Release */ = {
			isa = XCBuildConfiguration;
			buildSettings = {
				ASSETCATALOG_COMPILER_APPICON_NAME = AppIcon;
				ASSETCATALOG_COMPILER_GLOBAL_ACCENT_COLOR_NAME = AccentColor;
				CODE_SIGN_STYLE = Automatic;
				CURRENT_PROJECT_VERSION = 1;
				DEVELOPMENT_TEAM = 786RCQ7DWX;
				GENERATE_INFOPLIST_FILE = YES;
				INFOPLIST_FILE = LearningMetalSwift/Info.plist;
				INFOPLIST_KEY_UIApplicationSupportsIndirectInputEvents = YES;
				INFOPLIST_KEY_UILaunchStoryboardName = LaunchScreen;
				INFOPLIST_KEY_UIMainStoryboardFile = Main;
				INFOPLIST_KEY_UISupportedInterfaceOrientations_iPad = "UIInterfaceOrientationPortrait UIInterfaceOrientationPortraitUpsideDown UIInterfaceOrientationLandscapeLeft UIInterfaceOrientationLandscapeRight";
				INFOPLIST_KEY_UISupportedInterfaceOrientations_iPhone = "UIInterfaceOrientationPortrait UIInterfaceOrientationLandscapeLeft UIInterfaceOrientationLandscapeRight";
				LD_RUNPATH_SEARCH_PATHS = (
					"$(inherited)",
					"@executable_path/Frameworks",
				);
				MARKETING_VERSION = 1.0;
				PRODUCT_BUNDLE_IDENTIFIER = wuchao.LearningMetalSwift;
				PRODUCT_NAME = "$(TARGET_NAME)";
				SWIFT_EMIT_LOC_STRINGS = YES;
				SWIFT_VERSION = 5.0;
				TARGETED_DEVICE_FAMILY = "1,2";
			};
			name = Release;
		};
/* End XCBuildConfiguration section */

/* Begin XCConfigurationList section */
		EC90C1F42BCCCCC7003EA917 /* Build configuration list for PBXProject "LearningMetalSwift" */ = {
			isa = XCConfigurationList;
			buildConfigurations = (
				EC90C20B2BCCCCC9003EA917 /* Debug */,
				EC90C20C2BCCCCC9003EA917 /* Release */,
			);
			defaultConfigurationIsVisible = 0;
			defaultConfigurationName = Release;
		};
		EC90C20D2BCCCCC9003EA917 /* Build configuration list for PBXNativeTarget "LearningMetalSwift" */ = {
			isa = XCConfigurationList;
			buildConfigurations = (
				EC90C20E2BCCCCC9003EA917 /* Debug */,
				EC90C20F2BCCCCC9003EA917 /* Release */,
			);
			defaultConfigurationIsVisible = 0;
			defaultConfigurationName = Release;
		};
/* End XCConfigurationList section */
	};
	rootObject = EC90C1F12BCCCCC7003EA917 /* Project object */;
}
