<?xml version="1.0" encoding="UTF-8"?>
<Scheme
   version = "1.3">
   <BuildAction>
      <BuildActionEntries>
         <BuildActionEntry
            buildForRunning = "YES">
            <BuildableReference
               BuildableIdentifier = "primary"
               BlueprintIdentifier = "EC90C1F82BCCCCC7003EA917"
               BuildableName = "LearningMetalSwift.app"
               BlueprintName = "LearningMetalSwift"
               ReferencedContainer = "container:LearningMetalSwift.xcodeproj">
            </BuildableReference>
         </BuildActionEntry>
      </BuildActionEntries>
   </BuildAction>
   <LaunchAction
      useCustomWorkingDirectory = "NO"
      buildConfiguration = "Debug"
      allowLocationSimulation = "YES">
      <BuildableProductRunnable>
         <BuildableReference
            BuildableIdentifier = "primary"
            BlueprintIdentifier = "EC90C1F82BCCCCC7003EA917"
            BuildableName = "LearningMetalSwift.app"
            BlueprintName = "LearningMetalSwift"
            ReferencedContainer = "container:LearningMetalSwift.xcodeproj">
         </BuildableReference>
      </BuildableProductRunnable>
   </LaunchAction>
</Scheme>
